
Microsoft Visual Studio Solution File, Format Version 12.00
# Visual Studio Version 16
VisualStudioVersion = 16.0.32413.511
MinimumVisualStudioVersion = 10.0.40219.1
Project("{FAE04EC0-301F-11D3-BF4B-00C04F79EFBC}") = "TableSplittingCodeFirstEntity", "TableSplittingCodeFirstEntity\TableSplittingCodeFirstEntity.csproj", "{2CC52148-B67B-4F54-95BF-328272261409}"
EndProject
Global
	GlobalSection(SolutionConfigurationPlatforms) = preSolution
		Debug|Any CPU = Debug|Any CPU
		Release|Any CPU = Release|Any CPU
	EndGlobalSection
	GlobalSection(ProjectConfigurationPlatforms) = postSolution
		{2CC52148-B67B-4F54-95BF-328272261409}.Debug|Any CPU.ActiveCfg = Debug|Any CPU
		{2CC52148-B67B-4F54-95BF-328272261409}.Debug|Any CPU.Build.0 = Debug|Any CPU
		{2CC52148-B67B-4F54-95BF-328272261409}.Release|Any CPU.ActiveCfg = Release|Any CPU
		{2CC52148-B67B-4F54-95BF-328272261409}.Release|Any CPU.Build.0 = Release|Any CPU
	EndGlobalSection
	GlobalSection(SolutionProperties) = preSolution
		HideSolutionNode = FALSE
	EndGlobalSection
	GlobalSection(ExtensibilityGlobals) = postSolution
		SolutionGuid = {617BF740-E2B6-4E7F-836F-1A30F7CBA8F8}
	EndGlobalSection
EndGlobal
